
Microsoft Visual Studio Solution File, Format Version 12.00
# Visual Studio Version 17
VisualStudioVersion = 17.3.32804.467
MinimumVisualStudioVersion = 10.0.40219.1
Project("{FAE04EC0-301F-11D3-BF4B-00C04F79EFBC}") = "Boake-BackEnd", "Boake-BackEnd\Boake-BackEnd.csproj", "{DAB0BF48-A743-417B-A28A-275B23B35968}"
EndProject
Global
	GlobalSection(SolutionConfigurationPlatforms) = preSolution
		Debug|Any CPU = Debug|Any CPU
		Release|Any CPU = Release|Any CPU
	EndGlobalSection
	GlobalSection(ProjectConfigurationPlatforms) = postSolution
		{DAB0BF48-A743-417B-A28A-275B23B35968}.Debug|Any CPU.ActiveCfg = Debug|Any CPU
		{DAB0BF48-A743-417B-A28A-275B23B35968}.Debug|Any CPU.Build.0 = Debug|Any CPU
		{DAB0BF48-A743-417B-A28A-275B23B35968}.Release|Any CPU.ActiveCfg = Release|Any CPU
		{DAB0BF48-A743-417B-A28A-275B23B35968}.Release|Any CPU.Build.0 = Release|Any CPU
	EndGlobalSection
	GlobalSection(SolutionProperties) = preSolution
		HideSolutionNode = FALSE
	EndGlobalSection
	GlobalSection(ExtensibilityGlobals) = postSolution
		SolutionGuid = {AAF4E5A4-9ED5-46B8-800C-76E5A5C8320B}
	EndGlobalSection
EndGlobal
